// !$*UTF8*$!
{
	archiveVersion = 1;
	classes = {
	};
	objectVersion = 55;
	objects = {

/* Begin PBXBuildFile section */
		5A5E3F34285F3A7000B9E9FF /* AppDelegate.swift in Sources */ = {isa = PBXBuildFile; fileRef = 5A5E3F33285F3A7000B9E9FF /* AppDelegate.swift */; };
		5A5E3F36285F3A7000B9E9FF /* SceneDelegate.swift in Sources */ = {isa = PBXBuildFile; fileRef = 5A5E3F35285F3A7000B9E9FF /* SceneDelegate.swift */; };
		5A5E3F38285F3A7000B9E9FF /* ViewController.swift in Sources */ = {isa = PBXBuildFile; fileRef = 5A5E3F37285F3A7000B9E9FF /* ViewController.swift */; };
		5A5E3F3B285F3A7000B9E9FF /* Main.storyboard in Resources */ = {isa = PBXBuildFile; fileRef = 5A5E3F39285F3A7000B9E9FF /* Main.storyboard */; };
		5A5E3F3D285F3A7300B9E9FF /* Assets.xcassets in Resources */ = {isa = PBXBuildFile; fileRef = 5A5E3F3C285F3A7300B9E9FF /* Assets.xcassets */; };
		5A5E3F40285F3A7300B9E9FF /* LaunchScreen.storyboard in Resources */ = {isa = PBXBuildFile; fileRef = 5A5E3F3E285F3A7300B9E9FF /* LaunchScreen.storyboard */; };
		5A5E3F4B285F3A7400B9E9FF /* TestProgressBar2Tests.swift in Sources */ = {isa = PBXBuildFile; fileRef = 5A5E3F4A285F3A7400B9E9FF /* TestProgressBar2Tests.swift */; };
		5A5E3F55285F3A7400B9E9FF /* TestProgressBar2UITests.swift in Sources */ = {isa = PBXBuildFile; fileRef = 5A5E3F54285F3A7400B9E9FF /* TestProgressBar2UITests.swift */; };
		5A5E3F57285F3A7400B9E9FF /* TestProgressBar2UITestsLaunchTests.swift in Sources */ = {isa = PBXBuildFile; fileRef = 5A5E3F56285F3A7400B9E9FF /* TestProgressBar2UITestsLaunchTests.swift */; };
/* End PBXBuildFile section */

/* Begin PBXContainerItemProxy section */
		5A5E3F47285F3A7400B9E9FF /* PBXContainerItemProxy */ = {
			isa = PBXContainerItemProxy;
			containerPortal = 5A5E3F28285F3A7000B9E9FF /* Project object */;
			proxyType = 1;
			remoteGlobalIDString = 5A5E3F2F285F3A7000B9E9FF;
			remoteInfo = TestProgressBar2;
		};
		5A5E3F51285F3A7400B9E9FF /* PBXContainerItemProxy */ = {
			isa = PBXContainerItemProxy;
			containerPortal = 5A5E3F28285F3A7000B9E9FF /* Project object */;
			proxyType = 1;
			remoteGlobalIDString = 5A5E3F2F285F3A7000B9E9FF;
			remoteInfo = TestProgressBar2;
		};
/* End PBXContainerItemProxy section */

/* Begin PBXFileReference section */
		5A5E3F30285F3A7000B9E9FF /* TestProgressBar2.app */ = {isa = PBXFileReference; explicitFileType = wrapper.application; includeInIndex = 0; path = TestProgressBar2.app; sourceTree = BUILT_PRODUCTS_DIR; };
		5A5E3F33285F3A7000B9E9FF /* AppDelegate.swift */ = {isa = PBXFileReference; lastKnownFileType = sourcecode.swift; path = AppDelegate.swift; sourceTree = "<group>"; };
		5A5E3F35285F3A7000B9E9FF /* SceneDelegate.swift */ = {isa = PBXFileReference; lastKnownFileType = sourcecode.swift; path = SceneDelegate.swift; sourceTree = "<group>"; };
		5A5E3F37285F3A7000B9E9FF /* ViewController.swift */ = {isa = PBXFileReference; lastKnownFileType = sourcecode.swift; path = ViewController.swift; sourceTree = "<group>"; };
		5A5E3F3A285F3A7000B9E9FF /* Base */ = {isa = PBXFileReference; lastKnownFileType = file.storyboard; name = Base; path = Base.lproj/Main.storyboard; sourceTree = "<group>"; };
		5A5E3F3C285F3A7300B9E9FF /* Assets.xcassets */ = {isa = PBXFileReference; lastKnownFileType = folder.assetcatalog; path = Assets.xcassets; sourceTree = "<group>"; };
		5A5E3F3F285F3A7300B9E9FF /* Base */ = {isa = PBXFileReference; lastKnownFileType = file.storyboard; name = Base; path = Base.lproj/LaunchScreen.storyboard; sourceTree = "<group>"; };
		5A5E3F41285F3A7300B9E9FF /* Info.plist */ = {isa = PBXFileReference; lastKnownFileType = text.plist.xml; path = Info.plist; sourceTree = "<group>"; };
		5A5E3F46285F3A7400B9E9FF /* TestProgressBar2Tests.xctest */ = {isa = PBXFileReference; explicitFileType = wrapper.cfbundle; includeInIndex = 0; path = TestProgressBar2Tests.xctest; sourceTree = BUILT_PRODUCTS_DIR; };
		5A5E3F4A285F3A7400B9E9FF /* TestProgressBar2Tests.swift */ = {isa = PBXFileReference; lastKnownFileType = sourcecode.swift; path = TestProgressBar2Tests.swift; sourceTree = "<group>"; };
		5A5E3F50285F3A7400B9E9FF /* TestProgressBar2UITests.xctest */ = {isa = PBXFileReference; explicitFileType = wrapper.cfbundle; includeInIndex = 0; path = TestProgressBar2UITests.xctest; sourceTree = BUILT_PRODUCTS_DIR; };
		5A5E3F54285F3A7400B9E9FF /* TestProgressBar2UITests.swift */ = {isa = PBXFileReference; lastKnownFileType = sourcecode.swift; path = TestProgressBar2UITests.swift; sourceTree = "<group>"; };
		5A5E3F56285F3A7400B9E9FF /* TestProgressBar2UITestsLaunchTests.swift */ = {isa = PBXFileReference; lastKnownFileType = sourcecode.swift; path = TestProgressBar2UITestsLaunchTests.swift; sourceTree = "<group>"; };
/* End PBXFileReference section */

/* Begin PBXFrameworksBuildPhase section */
		5A5E3F2D285F3A7000B9E9FF /* Frameworks */ = {
			isa = PBXFrameworksBuildPhase;
			buildActionMask = 2147483647;
			files = (
			);
			runOnlyForDeploymentPostprocessing = 0;
		};
		5A5E3F43285F3A7400B9E9FF /* Frameworks */ = {
			isa = PBXFrameworksBuildPhase;
			buildActionMask = 2147483647;
			files = (
			);
			runOnlyForDeploymentPostprocessing = 0;
		};
		5A5E3F4D285F3A7400B9E9FF /* Frameworks */ = {
			isa = PBXFrameworksBuildPhase;
			buildActionMask = 2147483647;
			files = (
			);
			runOnlyForDeploymentPostprocessing = 0;
		};
/* End PBXFrameworksBuildPhase section */

/* Begin PBXGroup section */
		5A5E3F27285F3A7000B9E9FF = {
			isa = PBXGroup;
			children = (
				5A5E3F32285F3A7000B9E9FF /* TestProgressBar2 */,
				5A5E3F49285F3A7400B9E9FF /* TestProgressBar2Tests */,
				5A5E3F53285F3A7400B9E9FF /* TestProgressBar2UITests */,
				5A5E3F31285F3A7000B9E9FF /* Products */,
			);
			sourceTree = "<group>";
		};
		5A5E3F31285F3A7000B9E9FF /* Products */ = {
			isa = PBXGroup;
			children = (
				5A5E3F30285F3A7000B9E9FF /* TestProgressBar2.app */,
				5A5E3F46285F3A7400B9E9FF /* TestProgressBar2Tests.xctest */,
				5A5E3F50285F3A7400B9E9FF /* TestProgressBar2UITests.xctest */,
			);
			name = Products;
			sourceTree = "<group>";
		};
		5A5E3F32285F3A7000B9E9FF /* TestProgressBar2 */ = {
			isa = PBXGroup;
			children = (
				5A5E3F33285F3A7000B9E9FF /* AppDelegate.swift */,
				5A5E3F35285F3A7000B9E9FF /* SceneDelegate.swift */,
				5A5E3F37285F3A7000B9E9FF /* ViewController.swift */,
				5A5E3F39285F3A7000B9E9FF /* Main.storyboard */,
				5A5E3F3C285F3A7300B9E9FF /* Assets.xcassets */,
				5A5E3F3E285F3A7300B9E9FF /* LaunchScreen.storyboard */,
				5A5E3F41285F3A7300B9E9FF /* Info.plist */,
			);
			path = TestProgressBar2;
			sourceTree = "<group>";
		};
		5A5E3F49285F3A7400B9E9FF /* TestProgressBar2Tests */ = {
			isa = PBXGroup;
			children = (
				5A5E3F4A285F3A7400B9E9FF /* TestProgressBar2Tests.swift */,
			);
			path = TestProgressBar2Tests;
			sourceTree = "<group>";
		};
		5A5E3F53285F3A7400B9E9FF /* TestProgressBar2UITests */ = {
			isa = PBXGroup;
			children = (
				5A5E3F54285F3A7400B9E9FF /* TestProgressBar2UITests.swift */,
				5A5E3F56285F3A7400B9E9FF /* TestProgressBar2UITestsLaunchTests.swift */,
			);
			path = TestProgressBar2UITests;
			sourceTree = "<group>";
		};
/* End PBXGroup section */

/* Begin PBXNativeTarget section */
		5A5E3F2F285F3A7000B9E9FF /* TestProgressBar2 */ = {
			isa = PBXNativeTarget;
			buildConfigurationList = 5A5E3F5A285F3A7400B9E9FF /* Build configuration list for PBXNativeTarget "TestProgressBar2" */;
			buildPhases = (
				5A5E3F2C285F3A7000B9E9FF /* Sources */,
				5A5E3F2D285F3A7000B9E9FF /* Frameworks */,
				5A5E3F2E285F3A7000B9E9FF /* Resources */,
			);
			buildRules = (
			);
			dependencies = (
			);
			name = TestProgressBar2;
			productName = TestProgressBar2;
			productReference = 5A5E3F30285F3A7000B9E9FF /* TestProgressBar2.app */;
			productType = "com.apple.product-type.application";
		};
		5A5E3F45285F3A7400B9E9FF /* TestProgressBar2Tests */ = {
			isa = PBXNativeTarget;
			buildConfigurationList = 5A5E3F5D285F3A7400B9E9FF /* Build configuration list for PBXNativeTarget "TestProgressBar2Tests" */;
			buildPhases = (
				5A5E3F42285F3A7400B9E9FF /* Sources */,
				5A5E3F43285F3A7400B9E9FF /* Frameworks */,
				5A5E3F44285F3A7400B9E9FF /* Resources */,
			);
			buildRules = (
			);
			dependencies = (
				5A5E3F48285F3A7400B9E9FF /* PBXTargetDependency */,
			);
			name = TestProgressBar2Tests;
			productName = TestProgressBar2Tests;
			productReference = 5A5E3F46285F3A7400B9E9FF /* TestProgressBar2Tests.xctest */;
			productType = "com.apple.product-type.bundle.unit-test";
		};
		5A5E3F4F285F3A7400B9E9FF /* TestProgressBar2UITests */ = {
			isa = PBXNativeTarget;
			buildConfigurationList = 5A5E3F60285F3A7400B9E9FF /* Build configuration list for PBXNativeTarget "TestProgressBar2UITests" */;
			buildPhases = (
				5A5E3F4C285F3A7400B9E9FF /* Sources */,
				5A5E3F4D285F3A7400B9E9FF /* Frameworks */,
				5A5E3F4E285F3A7400B9E9FF /* Resources */,
			);
			buildRules = (
			);
			dependencies = (
				5A5E3F52285F3A7400B9E9FF /* PBXTargetDependency */,
			);
			name = TestProgressBar2UITests;
			productName = TestProgressBar2UITests;
			productReference = 5A5E3F50285F3A7400B9E9FF /* TestProgressBar2UITests.xctest */;
			productType = "com.apple.product-type.bundle.ui-testing";
		};
/* End PBXNativeTarget section */

/* Begin PBXProject section */
		5A5E3F28285F3A7000B9E9FF /* Project object */ = {
			isa = PBXProject;
			attributes = {
				BuildIndependentTargetsInParallel = 1;
				LastSwiftUpdateCheck = 1340;
				LastUpgradeCheck = 1340;
				TargetAttributes = {
					5A5E3F2F285F3A7000B9E9FF = {
						CreatedOnToolsVersion = 13.4;
					};
					5A5E3F45285F3A7400B9E9FF = {
						CreatedOnToolsVersion = 13.4;
						TestTargetID = 5A5E3F2F285F3A7000B9E9FF;
					};
					5A5E3F4F285F3A7400B9E9FF = {
						CreatedOnToolsVersion = 13.4;
						TestTargetID = 5A5E3F2F285F3A7000B9E9FF;
					};
				};
			};
			buildConfigurationList = 5A5E3F2B285F3A7000B9E9FF /* Build configuration list for PBXProject "TestProgressBar2" */;
			compatibilityVersion = "Xcode 13.0";
			developmentRegion = en;
			hasScannedForEncodings = 0;
			knownRegions = (
				en,
				Base,
			);
			mainGroup = 5A5E3F27285F3A7000B9E9FF;
			productRefGroup = 5A5E3F31285F3A7000B9E9FF /* Products */;
			projectDirPath = "";
			projectRoot = "";
			targets = (
				5A5E3F2F285F3A7000B9E9FF /* TestProgressBar2 */,
				5A5E3F45285F3A7400B9E9FF /* TestProgressBar2Tests */,
				5A5E3F4F285F3A7400B9E9FF /* TestProgressBar2UITests */,
			);
		};
/* End PBXProject section */

/* Begin PBXResourcesBuildPhase section */
		5A5E3F2E285F3A7000B9E9FF /* Resources */ = {
			isa = PBXResourcesBuildPhase;
			buildActionMask = 2147483647;
			files = (
				5A5E3F40285F3A7300B9E9FF /* LaunchScreen.storyboard in Resources */,
				5A5E3F3D285F3A7300B9E9FF /* Assets.xcassets in Resources */,
				5A5E3F3B285F3A7000B9E9FF /* Main.storyboard in Resources */,
			);
			runOnlyForDeploymentPostprocessing = 0;
		};
		5A5E3F44285F3A7400B9E9FF /* Resources */ = {
			isa = PBXResourcesBuildPhase;
			buildActionMask = 2147483647;
			files = (
			);
			runOnlyForDeploymentPostprocessing = 0;
		};
		5A5E3F4E285F3A7400B9E9FF /* Resources */ = {
			isa = PBXResourcesBuildPhase;
			buildActionMask = 2147483647;
			files = (
			);
			runOnlyForDeploymentPostprocessing = 0;
		};
/* End PBXResourcesBuildPhase section */

/* Begin PBXSourcesBuildPhase section */
		5A5E3F2C285F3A7000B9E9FF /* Sources */ = {
			isa = PBXSourcesBuildPhase;
			buildActionMask = 2147483647;
			files = (
				5A5E3F38285F3A7000B9E9FF /* ViewController.swift in Sources */,
				5A5E3F34285F3A7000B9E9FF /* AppDelegate.swift in Sources */,
				5A5E3F36285F3A7000B9E9FF /* SceneDelegate.swift in Sources */,
			);
			runOnlyForDeploymentPostprocessing = 0;
		};
		5A5E3F42285F3A7400B9E9FF /* Sources */ = {
			isa = PBXSourcesBuildPhase;
			buildActionMask = 2147483647;
			files = (
				5A5E3F4B285F3A7400B9E9FF /* TestProgressBar2Tests.swift in Sources */,
			);
			runOnlyForDeploymentPostprocessing = 0;
		};
		5A5E3F4C285F3A7400B9E9FF /* Sources */ = {
			isa = PBXSourcesBuildPhase;
			buildActionMask = 2147483647;
			files = (
				5A5E3F57285F3A7400B9E9FF /* TestProgressBar2UITestsLaunchTests.swift in Sources */,
				5A5E3F55285F3A7400B9E9FF /* TestProgressBar2UITests.swift in Sources */,
			);
			runOnlyForDeploymentPostprocessing = 0;
		};
/* End PBXSourcesBuildPhase section */

/* Begin PBXTargetDependency section */
		5A5E3F48285F3A7400B9E9FF /* PBXTargetDependency */ = {
			isa = PBXTargetDependency;
			target = 5A5E3F2F285F3A7000B9E9FF /* TestProgressBar2 */;
			targetProxy = 5A5E3F47285F3A7400B9E9FF /* PBXContainerItemProxy */;
		};
		5A5E3F52285F3A7400B9E9FF /* PBXTargetDependency */ = {
			isa = PBXTargetDependency;
			target = 5A5E3F2F285F3A7000B9E9FF /* TestProgressBar2 */;
			targetProxy = 5A5E3F51285F3A7400B9E9FF /* PBXContainerItemProxy */;
		};
/* End PBXTargetDependency section */

/* Begin PBXVariantGroup section */
		5A5E3F39285F3A7000B9E9FF /* Main.storyboard */ = {
			isa = PBXVariantGroup;
			children = (
				5A5E3F3A285F3A7000B9E9FF /* Base */,
			);
			name = Main.storyboard;
			sourceTree = "<group>";
		};
		5A5E3F3E285F3A7300B9E9FF /* LaunchScreen.storyboard */ = {
			isa = PBXVariantGroup;
			children = (
				5A5E3F3F285F3A7300B9E9FF /* Base */,
			);
			name = LaunchScreen.storyboard;
			sourceTree = "<group>";
		};
/* End PBXVariantGroup section */

/* Begin XCBuildConfiguration section */
		5A5E3F58285F3A7400B9E9FF /* Debug */ = {
			isa = XCBuildConfiguration;
			buildSettings = {
				ALWAYS_SEARCH_USER_PATHS = NO;
				CLANG_ANALYZER_NONNULL = YES;
				CLANG_ANALYZER_NUMBER_OBJECT_CONVERSION = YES_AGGRESSIVE;
				CLANG_CXX_LANGUAGE_STANDARD = "gnu++17";
				CLANG_ENABLE_MODULES = YES;
				CLANG_ENABLE_OBJC_ARC = YES;
				CLANG_ENABLE_OBJC_WEAK = YES;
				CLANG_WARN_BLOCK_CAPTURE_AUTORELEASING = YES;
				CLANG_WARN_BOOL_CONVERSION = YES;
				CLANG_WARN_COMMA = YES;
				CLANG_WARN_CONSTANT_CONVERSION = YES;
				CLANG_WARN_DEPRECATED_OBJC_IMPLEMENTATIONS = YES;
				CLANG_WARN_DIRECT_OBJC_ISA_USAGE = YES_ERROR;
				CLANG_WARN_DOCUMENTATION_COMMENTS = YES;
				CLANG_WARN_EMPTY_BODY = YES;
				CLANG_WARN_ENUM_CONVERSION = YES;
				CLANG_WARN_INFINITE_RECURSION = YES;
				CLANG_WARN_INT_CONVERSION = YES;
				CLANG_WARN_NON_LITERAL_NULL_CONVERSION = YES;
				CLANG_WARN_OBJC_IMPLICIT_RETAIN_SELF = YES;
				CLANG_WARN_OBJC_LITERAL_CONVERSION = YES;
				CLANG_WARN_OBJC_ROOT_CLASS = YES_ERROR;
				CLANG_WARN_QUOTED_INCLUDE_IN_FRAMEWORK_HEADER = YES;
				CLANG_WARN_RANGE_LOOP_ANALYSIS = YES;
				CLANG_WARN_STRICT_PROTOTYPES = YES;
				CLANG_WARN_SUSPICIOUS_MOVE = YES;
				CLANG_WARN_UNGUARDED_AVAILABILITY = YES_AGGRESSIVE;
				CLANG_WARN_UNREACHABLE_CODE = YES;
				CLANG_WARN__DUPLICATE_METHOD_MATCH = YES;
				COPY_PHASE_STRIP = NO;
				DEBUG_INFORMATION_FORMAT = dwarf;
				ENABLE_STRICT_OBJC_MSGSEND = YES;
				ENABLE_TESTABILITY = YES;
				GCC_C_LANGUAGE_STANDARD = gnu11;
				GCC_DYNAMIC_NO_PIC = NO;
				GCC_NO_COMMON_BLOCKS = YES;
				GCC_OPTIMIZATION_LEVEL = 0;
				GCC_PREPROCESSOR_DEFINITIONS = (
					"DEBUG=1",
					"$(inherited)",
				);
				GCC_WARN_64_TO_32_BIT_CONVERSION = YES;
				GCC_WARN_ABOUT_RETURN_TYPE = YES_ERROR;
				GCC_WARN_UNDECLARED_SELECTOR = YES;
				GCC_WARN_UNINITIALIZED_AUTOS = YES_AGGRESSIVE;
				GCC_WARN_UNUSED_FUNCTION = YES;
				GCC_WARN_UNUSED_VARIABLE = YES;
				IPHONEOS_DEPLOYMENT_TARGET = 15.5;
				MTL_ENABLE_DEBUG_INFO = INCLUDE_SOURCE;
				MTL_FAST_MATH = YES;
				ONLY_ACTIVE_ARCH = YES;
				SDKROOT = iphoneos;
				SWIFT_ACTIVE_COMPILATION_CONDITIONS = DEBUG;
				SWIFT_OPTIMIZATION_LEVEL = "-Onone";
			};
			name = Debug;
		};
		5A5E3F59285F3A7400B9E9FF /* Release */ = {
			isa = XCBuildConfiguration;
			buildSettings = {
				ALWAYS_SEARCH_USER_PATHS = NO;
				CLANG_ANALYZER_NONNULL = YES;
				CLANG_ANALYZER_NUMBER_OBJECT_CONVERSION = YES_AGGRESSIVE;
				CLANG_CXX_LANGUAGE_STANDARD = "gnu++17";
				CLANG_ENABLE_MODULES = YES;
				CLANG_ENABLE_OBJC_ARC = YES;
				CLANG_ENABLE_OBJC_WEAK = YES;
				CLANG_WARN_BLOCK_CAPTURE_AUTORELEASING = YES;
				CLANG_WARN_BOOL_CONVERSION = YES;
				CLANG_WARN_COMMA = YES;
				CLANG_WARN_CONSTANT_CONVERSION = YES;
				CLANG_WARN_DEPRECATED_OBJC_IMPLEMENTATIONS = YES;
				CLANG_WARN_DIRECT_OBJC_ISA_USAGE = YES_ERROR;
				CLANG_WARN_DOCUMENTATION_COMMENTS = YES;
				CLANG_WARN_EMPTY_BODY = YES;
				CLANG_WARN_ENUM_CONVERSION = YES;
				CLANG_WARN_INFINITE_RECURSION = YES;
				CLANG_WARN_INT_CONVERSION = YES;
				CLANG_WARN_NON_LITERAL_NULL_CONVERSION = YES;
				CLANG_WARN_OBJC_IMPLICIT_RETAIN_SELF = YES;
				CLANG_WARN_OBJC_LITERAL_CONVERSION = YES;
				CLANG_WARN_OBJC_ROOT_CLASS = YES_ERROR;
				CLANG_WARN_QUOTED_INCLUDE_IN_FRAMEWORK_HEADER = YES;
				CLANG_WARN_RANGE_LOOP_ANALYSIS = YES;
				CLANG_WARN_STRICT_PROTOTYPES = YES;
				CLANG_WARN_SUSPICIOUS_MOVE = YES;
				CLANG_WARN_UNGUARDED_AVAILABILITY = YES_AGGRESSIVE;
				CLANG_WARN_UNREACHABLE_CODE = YES;
				CLANG_WARN__DUPLICATE_METHOD_MATCH = YES;
				COPY_PHASE_STRIP = NO;
				DEBUG_INFORMATION_FORMAT = "dwarf-with-dsym";
				ENABLE_NS_ASSERTIONS = NO;
				ENABLE_STRICT_OBJC_MSGSEND = YES;
				GCC_C_LANGUAGE_STANDARD = gnu11;
				GCC_NO_COMMON_BLOCKS = YES;
				GCC_WARN_64_TO_32_BIT_CONVERSION = YES;
				GCC_WARN_ABOUT_RETURN_TYPE = YES_ERROR;
				GCC_WARN_UNDECLARED_SELECTOR = YES;
				GCC_WARN_UNINITIALIZED_AUTOS = YES_AGGRESSIVE;
				GCC_WARN_UNUSED_FUNCTION = YES;
				GCC_WARN_UNUSED_VARIABLE = YES;
				IPHONEOS_DEPLOYMENT_TARGET = 15.5;
				MTL_ENABLE_DEBUG_INFO = NO;
				MTL_FAST_MATH = YES;
				SDKROOT = iphoneos;
				SWIFT_COMPILATION_MODE = wholemodule;
				SWIFT_OPTIMIZATION_LEVEL = "-O";
				VALIDATE_PRODUCT = YES;
			};
			name = Release;
		};
		5A5E3F5B285F3A7400B9E9FF /* Debug */ = {
			isa = XCBuildConfiguration;
			buildSettings = {
				ASSETCATALOG_COMPILER_APPICON_NAME = AppIcon;
				ASSETCATALOG_COMPILER_GLOBAL_ACCENT_COLOR_NAME = AccentColor;
				CODE_SIGN_STYLE = Automatic;
				CURRENT_PROJECT_VERSION = 1;
				GENERATE_INFOPLIST_FILE = YES;
				INFOPLIST_FILE = TestProgressBar2/Info.plist;
				INFOPLIST_KEY_UIApplicationSupportsIndirectInputEvents = YES;
				INFOPLIST_KEY_UILaunchStoryboardName = LaunchScreen;
				INFOPLIST_KEY_UIMainStoryboardFile = Main;
				INFOPLIST_KEY_UISupportedInterfaceOrientations_iPad = "UIInterfaceOrientationPortrait UIInterfaceOrientationPortraitUpsideDown UIInterfaceOrientationLandscapeLeft UIInterfaceOrientationLandscapeRight";
				INFOPLIST_KEY_UISupportedInterfaceOrientations_iPhone = "UIInterfaceOrientationPortrait UIInterfaceOrientationLandscapeLeft UIInterfaceOrientationLandscapeRight";
				LD_RUNPATH_SEARCH_PATHS = (
					"$(inherited)",
					"@executable_path/Frameworks",
				);
				MARKETING_VERSION = 1.0;
				PRODUCT_BUNDLE_IDENTIFIER = im.hiro.TestProgressBar2;
				PRODUCT_NAME = "$(TARGET_NAME)";
				SWIFT_EMIT_LOC_STRINGS = YES;
				SWIFT_VERSION = 5.0;
				TARGETED_DEVICE_FAMILY = "1,2";
			};
			name = Debug;
		};
		5A5E3F5C285F3A7400B9E9FF /* Release */ = {
			isa = XCBuildConfiguration;
			buildSettings = {
				ASSETCATALOG_COMPILER_APPICON_NAME = AppIcon;
				ASSETCATALOG_COMPILER_GLOBAL_ACCENT_COLOR_NAME = AccentColor;
				CODE_SIGN_STYLE = Automatic;
				CURRENT_PROJECT_VERSION = 1;
				GENERATE_INFOPLIST_FILE = YES;
				INFOPLIST_FILE = TestProgressBar2/Info.plist;
				INFOPLIST_KEY_UIApplicationSupportsIndirectInputEvents = YES;
				INFOPLIST_KEY_UILaunchStoryboardName = LaunchScreen;
				INFOPLIST_KEY_UIMainStoryboardFile = Main;
				INFOPLIST_KEY_UISupportedInterfaceOrientations_iPad = "UIInterfaceOrientationPortrait UIInterfaceOrientationPortraitUpsideDown UIInterfaceOrientationLandscapeLeft UIInterfaceOrientationLandscapeRight";
				INFOPLIST_KEY_UISupportedInterfaceOrientations_iPhone = "UIInterfaceOrientationPortrait UIInterfaceOrientationLandscapeLeft UIInterfaceOrientationLandscapeRight";
				LD_RUNPATH_SEARCH_PATHS = (
					"$(inherited)",
					"@executable_path/Frameworks",
				);
				MARKETING_VERSION = 1.0;
				PRODUCT_BUNDLE_IDENTIFIER = im.hiro.TestProgressBar2;
				PRODUCT_NAME = "$(TARGET_NAME)";
				SWIFT_EMIT_LOC_STRINGS = YES;
				SWIFT_VERSION = 5.0;
				TARGETED_DEVICE_FAMILY = "1,2";
			};
			name = Release;
		};
		5A5E3F5E285F3A7400B9E9FF /* Debug */ = {
			isa = XCBuildConfiguration;
			buildSettings = {
				ALWAYS_EMBED_SWIFT_STANDARD_LIBRARIES = YES;
				BUNDLE_LOADER = "$(TEST_HOST)";
				CODE_SIGN_STYLE = Automatic;
				CURRENT_PROJECT_VERSION = 1;
				GENERATE_INFOPLIST_FILE = YES;
				IPHONEOS_DEPLOYMENT_TARGET = 15.5;
				MARKETING_VERSION = 1.0;
				PRODUCT_BUNDLE_IDENTIFIER = im.hiro.TestProgressBar2Tests;
				PRODUCT_NAME = "$(TARGET_NAME)";
				SWIFT_EMIT_LOC_STRINGS = NO;
				SWIFT_VERSION = 5.0;
				TARGETED_DEVICE_FAMILY = "1,2";
				TEST_HOST = "$(BUILT_PRODUCTS_DIR)/TestProgressBar2.app/TestProgressBar2";
			};
			name = Debug;
		};
		5A5E3F5F285F3A7400B9E9FF /* Release */ = {
			isa = XCBuildConfiguration;
			buildSettings = {
				ALWAYS_EMBED_SWIFT_STANDARD_LIBRARIES = YES;
				BUNDLE_LOADER = "$(TEST_HOST)";
				CODE_SIGN_STYLE = Automatic;
				CURRENT_PROJECT_VERSION = 1;
				GENERATE_INFOPLIST_FILE = YES;
				IPHONEOS_DEPLOYMENT_TARGET = 15.5;
				MARKETING_VERSION = 1.0;
				PRODUCT_BUNDLE_IDENTIFIER = im.hiro.TestProgressBar2Tests;
				PRODUCT_NAME = "$(TARGET_NAME)";
				SWIFT_EMIT_LOC_STRINGS = NO;
				SWIFT_VERSION = 5.0;
				TARGETED_DEVICE_FAMILY = "1,2";
				TEST_HOST = "$(BUILT_PRODUCTS_DIR)/TestProgressBar2.app/TestProgressBar2";
			};
			name = Release;
		};
		5A5E3F61285F3A7400B9E9FF /* Debug */ = {
			isa = XCBuildConfiguration;
			buildSettings = {
				ALWAYS_EMBED_SWIFT_STANDARD_LIBRARIES = YES;
				CODE_SIGN_STYLE = Automatic;
				CURRENT_PROJECT_VERSION = 1;
				GENERATE_INFOPLIST_FILE = YES;
				MARKETING_VERSION = 1.0;
				PRODUCT_BUNDLE_IDENTIFIER = im.hiro.TestProgressBar2UITests;
				PRODUCT_NAME = "$(TARGET_NAME)";
				SWIFT_EMIT_LOC_STRINGS = NO;
				SWIFT_VERSION = 5.0;
				TARGETED_DEVICE_FAMILY = "1,2";
				TEST_TARGET_NAME = TestProgressBar2;
			};
			name = Debug;
		};
		5A5E3F62285F3A7400B9E9FF /* Release */ = {
			isa = XCBuildConfiguration;
			buildSettings = {
				ALWAYS_EMBED_SWIFT_STANDARD_LIBRARIES = YES;
				CODE_SIGN_STYLE = Automatic;
				CURRENT_PROJECT_VERSION = 1;
				GENERATE_INFOPLIST_FILE = YES;
				MARKETING_VERSION = 1.0;
				PRODUCT_BUNDLE_IDENTIFIER = im.hiro.TestProgressBar2UITests;
				PRODUCT_NAME = "$(TARGET_NAME)";
				SWIFT_EMIT_LOC_STRINGS = NO;
				SWIFT_VERSION = 5.0;
				TARGETED_DEVICE_FAMILY = "1,2";
				TEST_TARGET_NAME = TestProgressBar2;
			};
			name = Release;
		};
/* End XCBuildConfiguration section */

/* Begin XCConfigurationList section */
		5A5E3F2B285F3A7000B9E9FF /* Build configuration list for PBXProject "TestProgressBar2" */ = {
			isa = XCConfigurationList;
			buildConfigurations = (
				5A5E3F58285F3A7400B9E9FF /* Debug */,
				5A5E3F59285F3A7400B9E9FF /* Release */,
			);
			defaultConfigurationIsVisible = 0;
			defaultConfigurationName = Release;
		};
		5A5E3F5A285F3A7400B9E9FF /* Build configuration list for PBXNativeTarget "TestProgressBar2" */ = {
			isa = XCConfigurationList;
			buildConfigurations = (
				5A5E3F5B285F3A7400B9E9FF /* Debug */,
				5A5E3F5C285F3A7400B9E9FF /* Release */,
			);
			defaultConfigurationIsVisible = 0;
			defaultConfigurationName = Release;
		};
		5A5E3F5D285F3A7400B9E9FF /* Build configuration list for PBXNativeTarget "TestProgressBar2Tests" */ = {
			isa = XCConfigurationList;
			buildConfigurations = (
				5A5E3F5E285F3A7400B9E9FF /* Debug */,
				5A5E3F5F285F3A7400B9E9FF /* Release */,
			);
			defaultConfigurationIsVisible = 0;
			defaultConfigurationName = Release;
		};
		5A5E3F60285F3A7400B9E9FF /* Build configuration list for PBXNativeTarget "TestProgressBar2UITests" */ = {
			isa = XCConfigurationList;
			buildConfigurations = (
				5A5E3F61285F3A7400B9E9FF /* Debug */,
				5A5E3F62285F3A7400B9E9FF /* Release */,
			);
			defaultConfigurationIsVisible = 0;
			defaultConfigurationName = Release;
		};
/* End XCConfigurationList section */
	};
	rootObject = 5A5E3F28285F3A7000B9E9FF /* Project object */;
}
